// !$*UTF8*$!
{
	archiveVersion = 1;
	classes = {
	};
	objectVersion = 46;
	objects = {

/* Begin PBXBuildFile section */
		9A7A849B1C191B0C0024A310 /* AppDelegate.swift in Sources */ = {isa = PBXBuildFile; fileRef = 9A7A849A1C191B0C0024A310 /* AppDelegate.swift */; };
		9A7A849D1C191B0C0024A310 /* ViewController.swift in Sources */ = {isa = PBXBuildFile; fileRef = 9A7A849C1C191B0C0024A310 /* ViewController.swift */; };
		9A7A84A01C191B0C0024A310 /* Main.storyboard in Resources */ = {isa = PBXBuildFile; fileRef = 9A7A849E1C191B0C0024A310 /* Main.storyboard */; };
		9A7A84A31C191B0C0024A310 /* ErpiOSApp.xcdatamodeld in Sources */ = {isa = PBXBuildFile; fileRef = 9A7A84A11C191B0C0024A310 /* ErpiOSApp.xcdatamodeld */; };
		9A7A84A51C191B0C0024A310 /* Assets.xcassets in Resources */ = {isa = PBXBuildFile; fileRef = 9A7A84A41C191B0C0024A310 /* Assets.xcassets */; };
		9A7A84A81C191B0C0024A310 /* LaunchScreen.storyboard in Resources */ = {isa = PBXBuildFile; fileRef = 9A7A84A61C191B0C0024A310 /* LaunchScreen.storyboard */; };
/* End PBXBuildFile section */

/* Begin PBXFileReference section */
		9A7A84971C191B0C0024A310 /* ErpiOSApp.app */ = {isa = PBXFileReference; explicitFileType = wrapper.application; includeInIndex = 0; path = ErpiOSApp.app; sourceTree = BUILT_PRODUCTS_DIR; };
		9A7A849A1C191B0C0024A310 /* AppDelegate.swift */ = {isa = PBXFileReference; lastKnownFileType = sourcecode.swift; path = AppDelegate.swift; sourceTree = "<group>"; };
		9A7A849C1C191B0C0024A310 /* ViewController.swift */ = {isa = PBXFileReference; lastKnownFileType = sourcecode.swift; path = ViewController.swift; sourceTree = "<group>"; };
		9A7A849F1C191B0C0024A310 /* Base */ = {isa = PBXFileReference; lastKnownFileType = file.storyboard; name = Base; path = Base.lproj/Main.storyboard; sourceTree = "<group>"; };
		9A7A84A21C191B0C0024A310 /* ErpiOSApp.xcdatamodel */ = {isa = PBXFileReference; lastKnownFileType = wrapper.xcdatamodel; path = ErpiOSApp.xcdatamodel; sourceTree = "<group>"; };
		9A7A84A41C191B0C0024A310 /* Assets.xcassets */ = {isa = PBXFileReference; lastKnownFileType = folder.assetcatalog; path = Assets.xcassets; sourceTree = "<group>"; };
		9A7A84A71C191B0C0024A310 /* Base */ = {isa = PBXFileReference; lastKnownFileType = file.storyboard; name = Base; path = Base.lproj/LaunchScreen.storyboard; sourceTree = "<group>"; };
		9A7A84A91C191B0C0024A310 /* Info.plist */ = {isa = PBXFileReference; lastKnownFileType = text.plist.xml; path = Info.plist; sourceTree = "<group>"; };
/* End PBXFileReference section */

/* Begin PBXFrameworksBuildPhase section */
		9A7A84941C191B0C0024A310 /* Frameworks */ = {
			isa = PBXFrameworksBuildPhase;
			buildActionMask = 2147483647;
			files = (
			);
			runOnlyForDeploymentPostprocessing = 0;
		};
/* End PBXFrameworksBuildPhase section */

/* Begin PBXGroup section */
		9A7A848E1C191B0C0024A310 = {
			isa = PBXGroup;
			children = (
				9A7A84991C191B0C0024A310 /* ErpiOSApp */,
				9A7A84981C191B0C0024A310 /* Products */,
			);
			sourceTree = "<group>";
		};
		9A7A84981C191B0C0024A310 /* Products */ = {
			isa = PBXGroup;
			children = (
				9A7A84971C191B0C0024A310 /* ErpiOSApp.app */,
			);
			name = Products;
			sourceTree = "<group>";
		};
		9A7A84991C191B0C0024A310 /* ErpiOSApp */ = {
			isa = PBXGroup;
			children = (
				9A7A849A1C191B0C0024A310 /* AppDelegate.swift */,
				9A7A849C1C191B0C0024A310 /* ViewController.swift */,
				9A7A849E1C191B0C0024A310 /* Main.storyboard */,
				9A7A84A41C191B0C0024A310 /* Assets.xcassets */,
				9A7A84A61C191B0C0024A310 /* LaunchScreen.storyboard */,
				9A7A84A91C191B0C0024A310 /* Info.plist */,
				9A7A84A11C191B0C0024A310 /* ErpiOSApp.xcdatamodeld */,
			);
			path = ErpiOSApp;
			sourceTree = "<group>";
		};
/* End PBXGroup section */

/* Begin PBXNativeTarget section */
		9A7A84961C191B0C0024A310 /* ErpiOSApp */ = {
			isa = PBXNativeTarget;
			buildConfigurationList = 9A7A84AC1C191B0C0024A310 /* Build configuration list for PBXNativeTarget "ErpiOSApp" */;
			buildPhases = (
				9A7A84931C191B0C0024A310 /* Sources */,
				9A7A84941C191B0C0024A310 /* Frameworks */,
				9A7A84951C191B0C0024A310 /* Resources */,
			);
			buildRules = (
			);
			dependencies = (
			);
			name = ErpiOSApp;
			productName = ErpiOSApp;
			productReference = 9A7A84971C191B0C0024A310 /* ErpiOSApp.app */;
			productType = "com.apple.product-type.application";
		};
/* End PBXNativeTarget section */

/* Begin PBXProject section */
		9A7A848F1C191B0C0024A310 /* Project object */ = {
			isa = PBXProject;
			attributes = {
				LastSwiftUpdateCheck = 0720;
				LastUpgradeCheck = 0720;
				ORGANIZATIONNAME = balintimes;
				TargetAttributes = {
					9A7A84961C191B0C0024A310 = {
						CreatedOnToolsVersion = 7.2;
					};
				};
			};
			buildConfigurationList = 9A7A84921C191B0C0024A310 /* Build configuration list for PBXProject "ErpiOSApp" */;
			compatibilityVersion = "Xcode 3.2";
			developmentRegion = English;
			hasScannedForEncodings = 0;
			knownRegions = (
				en,
				Base,
			);
			mainGroup = 9A7A848E1C191B0C0024A310;
			productRefGroup = 9A7A84981C191B0C0024A310 /* Products */;
			projectDirPath = "";
			projectRoot = "";
			targets = (
				9A7A84961C191B0C0024A310 /* ErpiOSApp */,
			);
		};
/* End PBXProject section */

/* Begin PBXResourcesBuildPhase section */
		9A7A84951C191B0C0024A310 /* Resources */ = {
			isa = PBXResourcesBuildPhase;
			buildActionMask = 2147483647;
			files = (
				9A7A84A81C191B0C0024A310 /* LaunchScreen.storyboard in Resources */,
				9A7A84A51C191B0C0024A310 /* Assets.xcassets in Resources */,
				9A7A84A01C191B0C0024A310 /* Main.storyboard in Resources */,
			);
			runOnlyForDeploymentPostprocessing = 0;
		};
/* End PBXResourcesBuildPhase section */

/* Begin PBXSourcesBuildPhase section */
		9A7A84931C191B0C0024A310 /* Sources */ = {
			isa = PBXSourcesBuildPhase;
			buildActionMask = 2147483647;
			files = (
				9A7A849D1C191B0C0024A310 /* ViewController.swift in Sources */,
				9A7A84A31C191B0C0024A310 /* ErpiOSApp.xcdatamodeld in Sources */,
				9A7A849B1C191B0C0024A310 /* AppDelegate.swift in Sources */,
			);
			runOnlyForDeploymentPostprocessing = 0;
		};
/* End PBXSourcesBuildPhase section */

/* Begin PBXVariantGroup section */
		9A7A849E1C191B0C0024A310 /* Main.storyboard */ = {
			isa = PBXVariantGroup;
			children = (
				9A7A849F1C191B0C0024A310 /* Base */,
			);
			name = Main.storyboard;
			sourceTree = "<group>";
		};
		9A7A84A61C191B0C0024A310 /* LaunchScreen.storyboard */ = {
			isa = PBXVariantGroup;
			children = (
				9A7A84A71C191B0C0024A310 /* Base */,
			);
			name = LaunchScreen.storyboard;
			sourceTree = "<group>";
		};
/* End PBXVariantGroup section */

/* Begin XCBuildConfiguration section */
		9A7A84AA1C191B0C0024A310 /* Debug */ = {
			isa = XCBuildConfiguration;
			buildSettings = {
				ALWAYS_SEARCH_USER_PATHS = NO;
				CLANG_CXX_LANGUAGE_STANDARD = "gnu++0x";
				CLANG_CXX_LIBRARY = "libc++";
				CLANG_ENABLE_MODULES = YES;
				CLANG_ENABLE_OBJC_ARC = YES;
				CLANG_WARN_BOOL_CONVERSION = YES;
				CLANG_WARN_CONSTANT_CONVERSION = YES;
				CLANG_WARN_DIRECT_OBJC_ISA_USAGE = YES_ERROR;
				CLANG_WARN_EMPTY_BODY = YES;
				CLANG_WARN_ENUM_CONVERSION = YES;
				CLANG_WARN_INT_CONVERSION = YES;
				CLANG_WARN_OBJC_ROOT_CLASS = YES_ERROR;
				CLANG_WARN_UNREACHABLE_CODE = YES;
				CLANG_WARN__DUPLICATE_METHOD_MATCH = YES;
				"CODE_SIGN_IDENTITY[sdk=iphoneos*]" = "iPhone Developer";
				COPY_PHASE_STRIP = NO;
				DEBUG_INFORMATION_FORMAT = dwarf;
				ENABLE_STRICT_OBJC_MSGSEND = YES;
				ENABLE_TESTABILITY = YES;
				GCC_C_LANGUAGE_STANDARD = gnu99;
				GCC_DYNAMIC_NO_PIC = NO;
				GCC_NO_COMMON_BLOCKS = YES;
				GCC_OPTIMIZATION_LEVEL = 0;
				GCC_PREPROCESSOR_DEFINITIONS = (
					"DEBUG=1",
					"$(inherited)",
				);
				GCC_WARN_64_TO_32_BIT_CONVERSION = YES;
				GCC_WARN_ABOUT_RETURN_TYPE = YES_ERROR;
				GCC_WARN_UNDECLARED_SELECTOR = YES;
				GCC_WARN_UNINITIALIZED_AUTOS = YES_AGGRESSIVE;
				GCC_WARN_UNUSED_FUNCTION = YES;
				GCC_WARN_UNUSED_VARIABLE = YES;
				IPHONEOS_DEPLOYMENT_TARGET = 9.2;
				MTL_ENABLE_DEBUG_INFO = YES;
				ONLY_ACTIVE_ARCH = YES;
				SDKROOT = iphoneos;
				SWIFT_OPTIMIZATION_LEVEL = "-Onone";
				TARGETED_DEVICE_FAMILY = "1,2";
			};
			name = Debug;
		};
		9A7A84AB1C191B0C0024A310 /* Release */ = {
			isa = XCBuildConfiguration;
			buildSettings = {
				ALWAYS_SEARCH_USER_PATHS = NO;
				CLANG_CXX_LANGUAGE_STANDARD = "gnu++0x";
				CLANG_CXX_LIBRARY = "libc++";
				CLANG_ENABLE_MODULES = YES;
				CLANG_ENABLE_OBJC_ARC = YES;
				CLANG_WARN_BOOL_CONVERSION = YES;
				CLANG_WARN_CONSTANT_CONVERSION = YES;
				CLANG_WARN_DIRECT_OBJC_ISA_USAGE = YES_ERROR;
				CLANG_WARN_EMPTY_BODY = YES;
				CLANG_WARN_ENUM_CONVERSION = YES;
				CLANG_WARN_INT_CONVERSION = YES;
				CLANG_WARN_OBJC_ROOT_CLASS = YES_ERROR;
				CLANG_WARN_UNREACHABLE_CODE = YES;
				CLANG_WARN__DUPLICATE_METHOD_MATCH = YES;
				"CODE_SIGN_IDENTITY[sdk=iphoneos*]" = "iPhone Developer";
				COPY_PHASE_STRIP = NO;
				DEBUG_INFORMATION_FORMAT = "dwarf-with-dsym";
				ENABLE_NS_ASSERTIONS = NO;
				ENABLE_STRICT_OBJC_MSGSEND = YES;
				GCC_C_LANGUAGE_STANDARD = gnu99;
				GCC_NO_COMMON_BLOCKS = YES;
				GCC_WARN_64_TO_32_BIT_CONVERSION = YES;
				GCC_WARN_ABOUT_RETURN_TYPE = YES_ERROR;
				GCC_WARN_UNDECLARED_SELECTOR = YES;
				GCC_WARN_UNINITIALIZED_AUTOS = YES_AGGRESSIVE;
				GCC_WARN_UNUSED_FUNCTION = YES;
				GCC_WARN_UNUSED_VARIABLE = YES;
				IPHONEOS_DEPLOYMENT_TARGET = 9.2;
				MTL_ENABLE_DEBUG_INFO = NO;
				SDKROOT = iphoneos;
				TARGETED_DEVICE_FAMILY = "1,2";
				VALIDATE_PRODUCT = YES;
			};
			name = Release;
		};
		9A7A84AD1C191B0C0024A310 /* Debug */ = {
			isa = XCBuildConfiguration;
			buildSettings = {
				ASSETCATALOG_COMPILER_APPICON_NAME = AppIcon;
				INFOPLIST_FILE = ErpiOSApp/Info.plist;
				LD_RUNPATH_SEARCH_PATHS = "$(inherited) @executable_path/Frameworks";
				PRODUCT_BUNDLE_IDENTIFIER = com.balintimes.ErpiOSApp;
				PRODUCT_NAME = "$(TARGET_NAME)";
			};
			name = Debug;
		};
		9A7A84AE1C191B0C0024A310 /* Release */ = {
			isa = XCBuildConfiguration;
			buildSettings = {
				ASSETCATALOG_COMPILER_APPICON_NAME = AppIcon;
				INFOPLIST_FILE = ErpiOSApp/Info.plist;
				LD_RUNPATH_SEARCH_PATHS = "$(inherited) @executable_path/Frameworks";
				PRODUCT_BUNDLE_IDENTIFIER = com.balintimes.ErpiOSApp;
				PRODUCT_NAME = "$(TARGET_NAME)";
			};
			name = Release;
		};
/* End XCBuildConfiguration section */

/* Begin XCConfigurationList section */
		9A7A84921C191B0C0024A310 /* Build configuration list for PBXProject "ErpiOSApp" */ = {
			isa = XCConfigurationList;
			buildConfigurations = (
				9A7A84AA1C191B0C0024A310 /* Debug */,
				9A7A84AB1C191B0C0024A310 /* Release */,
			);
			defaultConfigurationIsVisible = 0;
			defaultConfigurationName = Release;
		};
		9A7A84AC1C191B0C0024A310 /* Build configuration list for PBXNativeTarget "ErpiOSApp" */ = {
			isa = XCConfigurationList;
			buildConfigurations = (
				9A7A84AD1C191B0C0024A310 /* Debug */,
				9A7A84AE1C191B0C0024A310 /* Release */,
			);
			defaultConfigurationIsVisible = 0;
		};
/* End XCConfigurationList section */

/* Begin XCVersionGroup section */
		9A7A84A11C191B0C0024A310 /* ErpiOSApp.xcdatamodeld */ = {
			isa = XCVersionGroup;
			children = (
				9A7A84A21C191B0C0024A310 /* ErpiOSApp.xcdatamodel */,
			);
			currentVersion = 9A7A84A21C191B0C0024A310 /* ErpiOSApp.xcdatamodel */;
			path = ErpiOSApp.xcdatamodeld;
			sourceTree = "<group>";
			versionGroupType = wrapper.xcdatamodel;
		};
/* End XCVersionGroup section */
	};
	rootObject = 9A7A848F1C191B0C0024A310 /* Project object */;
}
